
Microsoft Visual Studio Solution File, Format Version 12.00
# Visual Studio Version 17
VisualStudioVersion = 17.1.32210.238
MinimumVisualStudioVersion = 10.0.40219.1
Project("{9A19103F-16F7-4668-BE54-9A1E7A4F7556}") = "BarLauncher.EasyHelper", "BarLauncher.EasyHelper\BarLauncher.EasyHelper.csproj", "{39D07065-CB0D-4D3D-872F-4BA9833B47FE}"
EndProject
Project("{9A19103F-16F7-4668-BE54-9A1E7A4F7556}") = "BarLauncher.EasyHelper.Wox", "BarLauncher.EasyHelper.Wox\BarLauncher.EasyHelper.Wox.csproj", "{32426F6C-9E74-4113-8387-F552B87AEE02}"
EndProject
Project("{9A19103F-16F7-4668-BE54-9A1E7A4F7556}") = "BarLauncher.EasyHelper.Test.Mock", "BarLauncher.EasyHelper.Test.Mock\BarLauncher.EasyHelper.Test.Mock.csproj", "{550505CE-DADE-4ECB-9C9E-71D5D683AC05}"
EndProject
Project("{9A19103F-16F7-4668-BE54-9A1E7A4F7556}") = "BarLauncher.EasyHelper.Flow.Launcher", "BarLauncher.EasyHelper.Flow.Launcher\BarLauncher.EasyHelper.Flow.Launcher.csproj", "{2E7224AC-A900-4486-8876-7DF5B0D72D11}"
EndProject
Project("{2150E333-8FDC-42A3-9474-1A3956D46DE8}") = "Solution Items", "Solution Items", "{2BA2AE45-53B3-4C5E-9174-802ED66F523E}"
	ProjectSection(SolutionItems) = preProject
		README.md = README.md
		VERSION = VERSION
	EndProjectSection
EndProject
Project("{2150E333-8FDC-42A3-9474-1A3956D46DE8}") = "github", "github", "{9A068170-6096-463E-843E-B55198E9D38A}"
	ProjectSection(SolutionItems) = preProject
		.github\workflows\publish.yml = .github\workflows\publish.yml
		.github\workflows\version.yml = .github\workflows\version.yml
	EndProjectSection
EndProject
Project("{2150E333-8FDC-42A3-9474-1A3956D46DE8}") = "scripts", "scripts", "{C23038C0-C68D-41A0-AFC2-BBEFBADECBC3}"
	ProjectSection(SolutionItems) = preProject
		comp.sh = comp.sh
		publish-dev.sh = publish-dev.sh
		version.sh = version.sh
	EndProjectSection
EndProject
Project("{2150E333-8FDC-42A3-9474-1A3956D46DE8}") = "git", "git", "{0784B6E8-F30F-4018-BFA6-66A841E8AF4E}"
	ProjectSection(SolutionItems) = preProject
		.gitattributes = .gitattributes
		.gitignore = .gitignore
	EndProjectSection
EndProject
Project("{2150E333-8FDC-42A3-9474-1A3956D46DE8}") = "build", "build", "{035AF6DA-8202-422A-92BB-90FEC4BAA127}"
	ProjectSection(SolutionItems) = preProject
		Directory.Build.props = Directory.Build.props
		Directory.Build.targets = Directory.Build.targets
	EndProjectSection
EndProject
Global
	GlobalSection(SolutionConfigurationPlatforms) = preSolution
		Debug|Any CPU = Debug|Any CPU
		Release|Any CPU = Release|Any CPU
	EndGlobalSection
	GlobalSection(ProjectConfigurationPlatforms) = postSolution
		{39D07065-CB0D-4D3D-872F-4BA9833B47FE}.Debug|Any CPU.ActiveCfg = Debug|Any CPU
		{39D07065-CB0D-4D3D-872F-4BA9833B47FE}.Debug|Any CPU.Build.0 = Debug|Any CPU
		{39D07065-CB0D-4D3D-872F-4BA9833B47FE}.Release|Any CPU.ActiveCfg = Release|Any CPU
		{39D07065-CB0D-4D3D-872F-4BA9833B47FE}.Release|Any CPU.Build.0 = Release|Any CPU
		{32426F6C-9E74-4113-8387-F552B87AEE02}.Debug|Any CPU.ActiveCfg = Debug|Any CPU
		{32426F6C-9E74-4113-8387-F552B87AEE02}.Debug|Any CPU.Build.0 = Debug|Any CPU
		{32426F6C-9E74-4113-8387-F552B87AEE02}.Release|Any CPU.ActiveCfg = Release|Any CPU
		{32426F6C-9E74-4113-8387-F552B87AEE02}.Release|Any CPU.Build.0 = Release|Any CPU
		{550505CE-DADE-4ECB-9C9E-71D5D683AC05}.Debug|Any CPU.ActiveCfg = Debug|Any CPU
		{550505CE-DADE-4ECB-9C9E-71D5D683AC05}.Debug|Any CPU.Build.0 = Debug|Any CPU
		{550505CE-DADE-4ECB-9C9E-71D5D683AC05}.Release|Any CPU.ActiveCfg = Release|Any CPU
		{550505CE-DADE-4ECB-9C9E-71D5D683AC05}.Release|Any CPU.Build.0 = Release|Any CPU
		{2E7224AC-A900-4486-8876-7DF5B0D72D11}.Debug|Any CPU.ActiveCfg = Debug|Any CPU
		{2E7224AC-A900-4486-8876-7DF5B0D72D11}.Debug|Any CPU.Build.0 = Debug|Any CPU
		{2E7224AC-A900-4486-8876-7DF5B0D72D11}.Release|Any CPU.ActiveCfg = Release|Any CPU
		{2E7224AC-A900-4486-8876-7DF5B0D72D11}.Release|Any CPU.Build.0 = Release|Any CPU
	EndGlobalSection
	GlobalSection(SolutionProperties) = preSolution
		HideSolutionNode = FALSE
	EndGlobalSection
	GlobalSection(NestedProjects) = preSolution
		{9A068170-6096-463E-843E-B55198E9D38A} = {2BA2AE45-53B3-4C5E-9174-802ED66F523E}
		{C23038C0-C68D-41A0-AFC2-BBEFBADECBC3} = {2BA2AE45-53B3-4C5E-9174-802ED66F523E}
		{0784B6E8-F30F-4018-BFA6-66A841E8AF4E} = {2BA2AE45-53B3-4C5E-9174-802ED66F523E}
		{035AF6DA-8202-422A-92BB-90FEC4BAA127} = {2BA2AE45-53B3-4C5E-9174-802ED66F523E}
	EndGlobalSection
	GlobalSection(ExtensibilityGlobals) = postSolution
		SolutionGuid = {FE424BB0-F758-4B00-83BF-80BF1D04ADD8}
	EndGlobalSection
EndGlobal
